
Microsoft Visual Studio Solution File, Format Version 12.00
# Visual Studio Version 16
VisualStudioVersion = 16.0.31624.102
MinimumVisualStudioVersion = 10.0.40219.1
Project("{FAE04EC0-301F-11D3-BF4B-00C04F79EFBC}") = "ZverevRadchenkovAzimov", "ZverevRadchenkovAzimov\ZverevRadchenkovAzimov.csproj", "{C25C19C0-E9B3-4AB5-A92F-6F7A094DF6EF}"
EndProject
Global
	GlobalSection(SolutionConfigurationPlatforms) = preSolution
		Debug|Any CPU = Debug|Any CPU
		Release|Any CPU = Release|Any CPU
	EndGlobalSection
	GlobalSection(ProjectConfigurationPlatforms) = postSolution
		{C25C19C0-E9B3-4AB5-A92F-6F7A094DF6EF}.Debug|Any CPU.ActiveCfg = Debug|Any CPU
		{C25C19C0-E9B3-4AB5-A92F-6F7A094DF6EF}.Debug|Any CPU.Build.0 = Debug|Any CPU
		{C25C19C0-E9B3-4AB5-A92F-6F7A094DF6EF}.Release|Any CPU.ActiveCfg = Release|Any CPU
		{C25C19C0-E9B3-4AB5-A92F-6F7A094DF6EF}.Release|Any CPU.Build.0 = Release|Any CPU
	EndGlobalSection
	GlobalSection(SolutionProperties) = preSolution
		HideSolutionNode = FALSE
	EndGlobalSection
	GlobalSection(ExtensibilityGlobals) = postSolution
		SolutionGuid = {F1ED881A-EB37-4528-9C73-28C776F10033}
	EndGlobalSection
EndGlobal
